
Microsoft Visual Studio Solution File, Format Version 12.00
# Visual Studio 15
VisualStudioVersion = 15.0.28307.572
MinimumVisualStudioVersion = 10.0.40219.1
Project("{FAE04EC0-301F-11D3-BF4B-00C04F79EFBC}") = "MVC-F83345", "MVC-F83345\MVC-F83345.csproj", "{EBCCFE21-CB02-42AB-800A-F5B23BE291EE}"
EndProject
Global
	GlobalSection(SolutionConfigurationPlatforms) = preSolution
		Debug|Any CPU = Debug|Any CPU
		Release|Any CPU = Release|Any CPU
	EndGlobalSection
	GlobalSection(ProjectConfigurationPlatforms) = postSolution
		{EBCCFE21-CB02-42AB-800A-F5B23BE291EE}.Debug|Any CPU.ActiveCfg = Debug|Any CPU
		{EBCCFE21-CB02-42AB-800A-F5B23BE291EE}.Debug|Any CPU.Build.0 = Debug|Any CPU
		{EBCCFE21-CB02-42AB-800A-F5B23BE291EE}.Release|Any CPU.ActiveCfg = Release|Any CPU
		{EBCCFE21-CB02-42AB-800A-F5B23BE291EE}.Release|Any CPU.Build.0 = Release|Any CPU
	EndGlobalSection
	GlobalSection(SolutionProperties) = preSolution
		HideSolutionNode = FALSE
	EndGlobalSection
	GlobalSection(ExtensibilityGlobals) = postSolution
		SolutionGuid = {E12A08CD-E024-437D-B4E6-803325FB50D8}
	EndGlobalSection
EndGlobal
